
Microsoft Visual Studio Solution File, Format Version 12.00
# Visual Studio Version 16
VisualStudioVersion = 16.0.31613.86
MinimumVisualStudioVersion = 10.0.40219.1
Project("{FAE04EC0-301F-11D3-BF4B-00C04F79EFBC}") = "ItemsClassifier", "ItemsClassifier\ItemsClassifier.csproj", "{838CE551-C56E-4C73-8566-0DED02903A3B}"
EndProject
Global
	GlobalSection(SolutionConfigurationPlatforms) = preSolution
		Debug|Any CPU = Debug|Any CPU
		Release|Any CPU = Release|Any CPU
	EndGlobalSection
	GlobalSection(ProjectConfigurationPlatforms) = postSolution
		{838CE551-C56E-4C73-8566-0DED02903A3B}.Debug|Any CPU.ActiveCfg = Debug|Any CPU
		{838CE551-C56E-4C73-8566-0DED02903A3B}.Debug|Any CPU.Build.0 = Debug|Any CPU
		{838CE551-C56E-4C73-8566-0DED02903A3B}.Release|Any CPU.ActiveCfg = Release|Any CPU
		{838CE551-C56E-4C73-8566-0DED02903A3B}.Release|Any CPU.Build.0 = Release|Any CPU
	EndGlobalSection
	GlobalSection(SolutionProperties) = preSolution
		HideSolutionNode = FALSE
	EndGlobalSection
	GlobalSection(ExtensibilityGlobals) = postSolution
		SolutionGuid = {D27B7B7C-9BB4-4580-B480-F4F3A00DDEF0}
	EndGlobalSection
EndGlobal
